
Microsoft Visual Studio Solution File, Format Version 12.00
# Visual Studio Version 16
VisualStudioVersion = 16.0.30413.136
MinimumVisualStudioVersion = 10.0.40219.1
Project("{FAE04EC0-301F-11D3-BF4B-00C04F79EFBC}") = "Comida", "Comida\Comida.csproj", "{DF7652B6-90B9-4DC3-B061-96AED6772669}"
EndProject
Global
	GlobalSection(SolutionConfigurationPlatforms) = preSolution
		Debug|Any CPU = Debug|Any CPU
		Release|Any CPU = Release|Any CPU
	EndGlobalSection
	GlobalSection(ProjectConfigurationPlatforms) = postSolution
		{DF7652B6-90B9-4DC3-B061-96AED6772669}.Debug|Any CPU.ActiveCfg = Debug|Any CPU
		{DF7652B6-90B9-4DC3-B061-96AED6772669}.Debug|Any CPU.Build.0 = Debug|Any CPU
		{DF7652B6-90B9-4DC3-B061-96AED6772669}.Release|Any CPU.ActiveCfg = Release|Any CPU
		{DF7652B6-90B9-4DC3-B061-96AED6772669}.Release|Any CPU.Build.0 = Release|Any CPU
	EndGlobalSection
	GlobalSection(SolutionProperties) = preSolution
		HideSolutionNode = FALSE
	EndGlobalSection
	GlobalSection(ExtensibilityGlobals) = postSolution
		SolutionGuid = {43388C25-AA98-496E-AE2C-03C32AC1EC61}
	EndGlobalSection
EndGlobal
